# This file is generated by running "yarn install" inside your project.
# Manual changes might be lost - proceed with caution!

__metadata:
  version: 7
  cacheKey: 9

"zenn-cli@npm:^0.1.149":
  version: 0.1.149
  resolution: "zenn-cli@npm:0.1.149"
  bin:
    zenn: dist/server/zenn.js
  checksum: 06d42d46df9bc1692aaffecc3c9586371ac3b761cb01537baadead9744ae708626a09a4688c8aa964cdb300549db443d49252f403e36d8ea221f3af32212c8f3
  languageName: node
  linkType: hard

"zenn-connects@workspace:.":
  version: 0.0.0-use.local
  resolution: "zenn-connects@workspace:."
  dependencies:
    zenn-cli: "npm:^0.1.149"
  languageName: unknown
  linkType: soft
