# This file is generated by running "yarn install" inside your project.
# Manual changes might be lost - proceed with caution!

__metadata:
  version: 7
  cacheKey: 9

"zenn-cli@npm:^0.1.116":
  version: 0.1.143
  resolution: "zenn-cli@npm:0.1.143"
  bin:
    zenn: dist/server/zenn.js
  checksum: aaa55aebfd7ade60a632387a74a1eab8d3d115c6de02b90cc6af6c0af95508afe12f56e4339dbba33595f4947d77cf4cd47db971c847088059c8253378865e36
  languageName: node
  linkType: hard

"zenn-connects@workspace:.":
  version: 0.0.0-use.local
  resolution: "zenn-connects@workspace:."
  dependencies:
    zenn-cli: "npm:^0.1.116"
  languageName: unknown
  linkType: soft
